// !$*UTF8*$!
{
	archiveVersion = 1;
	classes = {
	};
	objectVersion = 45;
	objects = {

/* Begin PBXAggregateTarget section */
		53DF6901067E5B8E0090B5B0 /* All */ = {
			isa = PBXAggregateTarget;
			buildConfigurationList = C056398708A954F8003078D8 /* Build configuration list for PBXAggregateTarget "All" */;
			buildPhases = (
			);
			dependencies = (
				53DF6903067E5B930090B5B0 /* PBXTargetDependency */,
				53DF6905067E5B930090B5B0 /* PBXTargetDependency */,
			);
			name = All;
			productName = All;
		};
/* End PBXAggregateTarget section */

/* Begin PBXBuildFile section */
		13F8B89007B43554008AE28D /* Cocoa.framework in Frameworks */ = {isa = PBXBuildFile; fileRef = DD92D38A0106425D02CA0E72 /* Cocoa.framework */; };
		8B1B7AB71185088100F5DDEC /* TabControlRep.png in Resources */ = {isa = PBXBuildFile; fileRef = 8B3987E21184F19D004462EE /* TabControlRep.png */; };
		8B3988671184F64C004462EE /* NSBezierPath_AMShading.h in Headers */ = {isa = PBXBuildFile; fileRef = 8B39880C1184F40E004462EE /* NSBezierPath_AMShading.h */; };
		8B3988681184F64D004462EE /* NSBezierPath_AMShading.m in Sources */ = {isa = PBXBuildFile; fileRef = 8B39880D1184F40E004462EE /* NSBezierPath_AMShading.m */; };
		8B3988691184F64D004462EE /* NSString_AITruncation.h in Headers */ = {isa = PBXBuildFile; fileRef = 8B39880E1184F40E004462EE /* NSString_AITruncation.h */; };
		8B39886A1184F64D004462EE /* NSString_AITruncation.m in Sources */ = {isa = PBXBuildFile; fileRef = 8B39880F1184F40E004462EE /* NSString_AITruncation.m */; };
		8B39886B1184F64E004462EE /* PSMAdiumTabStyle.h in Headers */ = {isa = PBXBuildFile; fileRef = 8B3988101184F40E004462EE /* PSMAdiumTabStyle.h */; };
		8B39886C1184F64E004462EE /* PSMAdiumTabStyle.m in Sources */ = {isa = PBXBuildFile; fileRef = 8B3988111184F40E004462EE /* PSMAdiumTabStyle.m */; };
		8B39886D1184F650004462EE /* PSMAquaTabStyle.h in Headers */ = {isa = PBXBuildFile; fileRef = 8B3988121184F40E004462EE /* PSMAquaTabStyle.h */; };
		8B39886E1184F651004462EE /* PSMAquaTabStyle.m in Sources */ = {isa = PBXBuildFile; fileRef = 8B3988131184F40E004462EE /* PSMAquaTabStyle.m */; };
		8B39886F1184F651004462EE /* PSMMetalTabStyle.h in Headers */ = {isa = PBXBuildFile; fileRef = 8B3988141184F40E004462EE /* PSMMetalTabStyle.h */; };
		8B3988701184F651004462EE /* PSMMetalTabStyle.m in Sources */ = {isa = PBXBuildFile; fileRef = 8B3988151184F40E004462EE /* PSMMetalTabStyle.m */; };
		8B3988711184F652004462EE /* PSMOverflowPopUpButton.h in Headers */ = {isa = PBXBuildFile; fileRef = 8B3988161184F40E004462EE /* PSMOverflowPopUpButton.h */; };
		8B3988721184F652004462EE /* PSMOverflowPopUpButton.m in Sources */ = {isa = PBXBuildFile; fileRef = 8B3988171184F40E004462EE /* PSMOverflowPopUpButton.m */; };
		8B3988731184F653004462EE /* PSMProgressIndicator.h in Headers */ = {isa = PBXBuildFile; fileRef = 8B3988181184F40E004462EE /* PSMProgressIndicator.h */; };
		8B3988741184F653004462EE /* PSMProgressIndicator.m in Sources */ = {isa = PBXBuildFile; fileRef = 8B3988191184F40E004462EE /* PSMProgressIndicator.m */; };
		8B3988751184F653004462EE /* PSMRolloverButton.h in Headers */ = {isa = PBXBuildFile; fileRef = 8B39881A1184F40E004462EE /* PSMRolloverButton.h */; };
		8B3988761184F654004462EE /* PSMRolloverButton.m in Sources */ = {isa = PBXBuildFile; fileRef = 8B39881B1184F40E004462EE /* PSMRolloverButton.m */; };
		8B3988771184F654004462EE /* PSMTabBarCell.h in Headers */ = {isa = PBXBuildFile; fileRef = 8B39881C1184F40E004462EE /* PSMTabBarCell.h */; };
		8B3988781184F655004462EE /* PSMTabBarCell.m in Sources */ = {isa = PBXBuildFile; fileRef = 8B39881D1184F40E004462EE /* PSMTabBarCell.m */; };
		8B3988791184F657004462EE /* PSMTabBarControl.h in Headers */ = {isa = PBXBuildFile; fileRef = 8B39881E1184F40E004462EE /* PSMTabBarControl.h */; };
		8B39887A1184F657004462EE /* PSMTabBarControl.m in Sources */ = {isa = PBXBuildFile; fileRef = 8B39881F1184F40E004462EE /* PSMTabBarControl.m */; };
		8B39887B1184F658004462EE /* PSMTabBarController.h in Headers */ = {isa = PBXBuildFile; fileRef = 8B3988201184F40E004462EE /* PSMTabBarController.h */; };
		8B39887C1184F658004462EE /* PSMTabBarController.m in Sources */ = {isa = PBXBuildFile; fileRef = 8B3988211184F40E004462EE /* PSMTabBarController.m */; };
		8B39887D1184F658004462EE /* PSMTabDragAssistant.h in Headers */ = {isa = PBXBuildFile; fileRef = 8B3988221184F40E004462EE /* PSMTabDragAssistant.h */; };
		8B39887E1184F659004462EE /* PSMTabDragAssistant.m in Sources */ = {isa = PBXBuildFile; fileRef = 8B3988231184F40E004462EE /* PSMTabDragAssistant.m */; };
		8B39887F1184F659004462EE /* PSMTabDragView.h in Headers */ = {isa = PBXBuildFile; fileRef = 8B3988241184F40E004462EE /* PSMTabDragView.h */; };
		8B3988801184F659004462EE /* PSMTabDragView.m in Sources */ = {isa = PBXBuildFile; fileRef = 8B3988251184F40E004462EE /* PSMTabDragView.m */; };
		8B3988811184F65A004462EE /* PSMTabDragWindow.h in Headers */ = {isa = PBXBuildFile; fileRef = 8B3988261184F40E004462EE /* PSMTabDragWindow.h */; };
		8B3988821184F65A004462EE /* PSMTabDragWindow.m in Sources */ = {isa = PBXBuildFile; fileRef = 8B3988271184F40E004462EE /* PSMTabDragWindow.m */; };
		8B3988831184F65B004462EE /* PSMTabDragWindowController.h in Headers */ = {isa = PBXBuildFile; fileRef = 8B3988281184F40E004462EE /* PSMTabDragWindowController.h */; };
		8B3988841184F65B004462EE /* PSMTabDragWindowController.m in Sources */ = {isa = PBXBuildFile; fileRef = 8B3988291184F40E004462EE /* PSMTabDragWindowController.m */; };
		8B3988851184F65B004462EE /* PSMTabStyle.h in Headers */ = {isa = PBXBuildFile; fileRef = 8B39882A1184F40E004462EE /* PSMTabStyle.h */; };
		8B3988861184F65C004462EE /* PSMUnifiedTabStyle.h in Headers */ = {isa = PBXBuildFile; fileRef = 8B39882B1184F40E004462EE /* PSMUnifiedTabStyle.h */; };
		8B3988871184F65C004462EE /* PSMUnifiedTabStyle.m in Sources */ = {isa = PBXBuildFile; fileRef = 8B39882C1184F40E004462EE /* PSMUnifiedTabStyle.m */; };
		8B3988911184F668004462EE /* 32x32_log.png in Resources */ = {isa = PBXBuildFile; fileRef = 8B3987C11184F19D004462EE /* 32x32_log.png */; };
		8B3988921184F668004462EE /* 32x32cancel.png in Resources */ = {isa = PBXBuildFile; fileRef = 8B3987C21184F19D004462EE /* 32x32cancel.png */; };
		8B3988931184F668004462EE /* AdiumGradient.png in Resources */ = {isa = PBXBuildFile; fileRef = 8B3987C31184F19D004462EE /* AdiumGradient.png */; };
		8B3988941184F668004462EE /* AquaTabClose_Front_Pressed.png in Resources */ = {isa = PBXBuildFile; fileRef = 8B3987C41184F19D004462EE /* AquaTabClose_Front_Pressed.png */; };
		8B3988951184F668004462EE /* AquaTabClose_Front_Rollover.png in Resources */ = {isa = PBXBuildFile; fileRef = 8B3987C51184F19D004462EE /* AquaTabClose_Front_Rollover.png */; };
		8B3988961184F668004462EE /* AquaTabClose_Front.png in Resources */ = {isa = PBXBuildFile; fileRef = 8B3987C61184F19D004462EE /* AquaTabClose_Front.png */; };
		8B3988971184F668004462EE /* AquaTabCloseDirty_Front_Pressed.png in Resources */ = {isa = PBXBuildFile; fileRef = 8B3987C71184F19D004462EE /* AquaTabCloseDirty_Front_Pressed.png */; };
		8B3988981184F668004462EE /* AquaTabCloseDirty_Front_Rollover.png in Resources */ = {isa = PBXBuildFile; fileRef = 8B3987C81184F19D004462EE /* AquaTabCloseDirty_Front_Rollover.png */; };
		8B3988991184F668004462EE /* AquaTabCloseDirty_Front.png in Resources */ = {isa = PBXBuildFile; fileRef = 8B3987C91184F19D004462EE /* AquaTabCloseDirty_Front.png */; };
		8B39889A1184F668004462EE /* AquaTabNew.png in Resources */ = {isa = PBXBuildFile; fileRef = 8B3987CA1184F19D004462EE /* AquaTabNew.png */; };
		8B39889B1184F668004462EE /* AquaTabNewPressed.png in Resources */ = {isa = PBXBuildFile; fileRef = 8B3987CB1184F19D004462EE /* AquaTabNewPressed.png */; };
		8B39889C1184F668004462EE /* AquaTabNewRollover.png in Resources */ = {isa = PBXBuildFile; fileRef = 8B3987CC1184F19D004462EE /* AquaTabNewRollover.png */; };
		8B39889D1184F668004462EE /* AquaTabsBackground.png in Resources */ = {isa = PBXBuildFile; fileRef = 8B3987CD1184F19D004462EE /* AquaTabsBackground.png */; };
		8B39889E1184F668004462EE /* AquaTabsDown.png in Resources */ = {isa = PBXBuildFile; fileRef = 8B3987CE1184F19D004462EE /* AquaTabsDown.png */; };
		8B39889F1184F668004462EE /* AquaTabsDownGraphite.png in Resources */ = {isa = PBXBuildFile; fileRef = 8B3987CF1184F19D004462EE /* AquaTabsDownGraphite.png */; };
		8B3988A01184F668004462EE /* AquaTabsDownNonKey.png in Resources */ = {isa = PBXBuildFile; fileRef = 8B3987D01184F19D004462EE /* AquaTabsDownNonKey.png */; };
		8B3988A11184F668004462EE /* AquaTabsSeparator.png in Resources */ = {isa = PBXBuildFile; fileRef = 8B3987D11184F19D004462EE /* AquaTabsSeparator.png */; };
		8B3988A21184F668004462EE /* AquaTabsSeparatorDown.png in Resources */ = {isa = PBXBuildFile; fileRef = 8B3987D21184F19D004462EE /* AquaTabsSeparatorDown.png */; };
		8B3988A31184F668004462EE /* Folder.png in Resources */ = {isa = PBXBuildFile; fileRef = 8B3987D31184F19D004462EE /* Folder.png */; };
		8B3988A41184F668004462EE /* Globe.png in Resources */ = {isa = PBXBuildFile; fileRef = 8B3987D41184F19D004462EE /* Globe.png */; };
		8B3988A51184F668004462EE /* largeImage.png in Resources */ = {isa = PBXBuildFile; fileRef = 8B3987D51184F19D004462EE /* largeImage.png */; };
		8B3988A61184F668004462EE /* mater_large.jpg in Resources */ = {isa = PBXBuildFile; fileRef = 8B3987D61184F19D004462EE /* mater_large.jpg */; };
		8B3988A71184F668004462EE /* mcqueen_large.jpg in Resources */ = {isa = PBXBuildFile; fileRef = 8B3987D71184F19D004462EE /* mcqueen_large.jpg */; };
		8B3988A81184F668004462EE /* overflowImage.png in Resources */ = {isa = PBXBuildFile; fileRef = 8B3987D81184F19D004462EE /* overflowImage.png */; };
		8B3988A91184F668004462EE /* overflowImagePressed.png in Resources */ = {isa = PBXBuildFile; fileRef = 8B3987D91184F19D004462EE /* overflowImagePressed.png */; };
		8B3988AA1184F668004462EE /* pi.png in Resources */ = {isa = PBXBuildFile; fileRef = 8B3987DA1184F19D004462EE /* pi.png */; };
		8B3988AB1184F668004462EE /* sally_large.jpg in Resources */ = {isa = PBXBuildFile; fileRef = 8B3987DB1184F19D004462EE /* sally_large.jpg */; };
		8B3988AC1184F668004462EE /* TabClose_Dirty_Pressed.png in Resources */ = {isa = PBXBuildFile; fileRef = 8B3987DC1184F19D004462EE /* TabClose_Dirty_Pressed.png */; };
		8B3988AD1184F668004462EE /* TabClose_Dirty_Rollover.png in Resources */ = {isa = PBXBuildFile; fileRef = 8B3987DD1184F19D004462EE /* TabClose_Dirty_Rollover.png */; };
		8B3988AE1184F668004462EE /* TabClose_Dirty.png in Resources */ = {isa = PBXBuildFile; fileRef = 8B3987DE1184F19D004462EE /* TabClose_Dirty.png */; };
		8B3988AF1184F668004462EE /* TabClose_Front_Pressed.png in Resources */ = {isa = PBXBuildFile; fileRef = 8B3987DF1184F19D004462EE /* TabClose_Front_Pressed.png */; };
		8B3988B01184F668004462EE /* TabClose_Front_Rollover.png in Resources */ = {isa = PBXBuildFile; fileRef = 8B3987E01184F19D004462EE /* TabClose_Front_Rollover.png */; };
		8B3988B11184F668004462EE /* TabClose_Front.png in Resources */ = {isa = PBXBuildFile; fileRef = 8B3987E11184F19D004462EE /* TabClose_Front.png */; };
		8B3988B21184F668004462EE /* TabControlRep.png in Resources */ = {isa = PBXBuildFile; fileRef = 8B3987E21184F19D004462EE /* TabControlRep.png */; };
		8B3988B31184F668004462EE /* TabIcon.png in Resources */ = {isa = PBXBuildFile; fileRef = 8B3987E31184F19D004462EE /* TabIcon.png */; };
		8B3988B41184F668004462EE /* TabNewMetal.png in Resources */ = {isa = PBXBuildFile; fileRef = 8B3987E41184F19D004462EE /* TabNewMetal.png */; };
		8B3988B51184F668004462EE /* TabNewMetalPressed.png in Resources */ = {isa = PBXBuildFile; fileRef = 8B3987E51184F19D004462EE /* TabNewMetalPressed.png */; };
		8B3988B61184F668004462EE /* TabNewMetalRollover.png in Resources */ = {isa = PBXBuildFile; fileRef = 8B3987E61184F19D004462EE /* TabNewMetalRollover.png */; };
		8B3988B71184F668004462EE /* Warning.png in Resources */ = {isa = PBXBuildFile; fileRef = 8B3987E71184F19D004462EE /* Warning.png */; };
		8B3989221184FC6B004462EE /* PSMTabBarControlPlugin.m in Sources */ = {isa = PBXBuildFile; fileRef = 8B39882E1184F424004462EE /* PSMTabBarControlPlugin.m */; };
		8B3989231184FC6E004462EE /* PSMTabBarControlIntegration.m in Sources */ = {isa = PBXBuildFile; fileRef = 8B3988E31184F79A004462EE /* PSMTabBarControlIntegration.m */; };
		8B39893B1184FD6D004462EE /* PSMTabBarControl.framework in CopyFiles */ = {isa = PBXBuildFile; fileRef = 53DF68FD067E5B5A0090B5B0 /* PSMTabBarControl.framework */; };
		8B6EE3C81184FEEA00BA282D /* PSMTabBarControl.classdescription in Resources */ = {isa = PBXBuildFile; fileRef = 54D33B2806778E3300C9C163 /* PSMTabBarControl.classdescription */; };
		8B7C937811851AA200983F46 /* demo_main.m in Sources */ = {isa = PBXBuildFile; fileRef = 8B7C937711851AA200983F46 /* demo_main.m */; };
		8BD43921118510D200DB4AC3 /* PSMTabBarControl.framework in Frameworks */ = {isa = PBXBuildFile; fileRef = 53DF68FD067E5B5A0090B5B0 /* PSMTabBarControl.framework */; };
		8BD439621185149500DB4AC3 /* PSMTabBarControl.framework in Copy Frameworks */ = {isa = PBXBuildFile; fileRef = 53DF68FD067E5B5A0090B5B0 /* PSMTabBarControl.framework */; };
		8BD43965118514A600DB4AC3 /* Cocoa.framework in Frameworks */ = {isa = PBXBuildFile; fileRef = DD92D38A0106425D02CA0E72 /* Cocoa.framework */; };
		8BD4397F1185154600DB4AC3 /* DemoWindowController.m in Sources */ = {isa = PBXBuildFile; fileRef = 8BD4397C1185154600DB4AC3 /* DemoWindowController.m */; };
		8BD439801185154600DB4AC3 /* DemoFakeModel.m in Sources */ = {isa = PBXBuildFile; fileRef = 8BD4397E1185154600DB4AC3 /* DemoFakeModel.m */; };
		8BD439811185155300DB4AC3 /* PSMTabBarControlDemo.xib in Resources */ = {isa = PBXBuildFile; fileRef = 8BD4396D118514D800DB4AC3 /* PSMTabBarControlDemo.xib */; };
		8BD439821185155700DB4AC3 /* DemoAppController.m in Sources */ = {isa = PBXBuildFile; fileRef = 8BD4396A118514BA00DB4AC3 /* DemoAppController.m */; };
		8BD4399E118516A900DB4AC3 /* DemoWindow.xib in Resources */ = {isa = PBXBuildFile; fileRef = 8BD4399D118516A900DB4AC3 /* DemoWindow.xib */; };
		8BFD0B351185199800F69178 /* PSMTabBarControl.framework in Frameworks */ = {isa = PBXBuildFile; fileRef = 53DF68FD067E5B5A0090B5B0 /* PSMTabBarControl.framework */; };
		8D1AC96C0486D14A00FE50C9 /* PSMTabBarControlInspector.m in Sources */ = {isa = PBXBuildFile; fileRef = 0259C577FE90428111CA0C5A /* PSMTabBarControlInspector.m */; settings = {ATTRIBUTES = (); }; };
		8D1AC9700486D14A00FE50C9 /* Cocoa.framework in Frameworks */ = {isa = PBXBuildFile; fileRef = DD92D38A0106425D02CA0E72 /* Cocoa.framework */; };
		8D1AC9800486D23B00FE50C9 /* InfoPlist.strings in Resources */ = {isa = PBXBuildFile; fileRef = 8D1AC97F0486D23B00FE50C9 /* InfoPlist.strings */; };
		C0A47C500A523B730004BDC3 /* PSMTabBarControlInspector.xib in Resources */ = {isa = PBXBuildFile; fileRef = C05B20D80A48CB530099B9E5 /* PSMTabBarControlInspector.xib */; };
		C0D069560A49DF9100C95564 /* InterfaceBuilderKit.framework in Frameworks */ = {isa = PBXBuildFile; fileRef = C0D069550A49DF9100C95564 /* InterfaceBuilderKit.framework */; };
		D1AEDE470A6C289C0010C343 /* PSMTabBarControlLibrary.nib in Resources */ = {isa = PBXBuildFile; fileRef = D1AEDE460A6C289C0010C343 /* PSMTabBarControlLibrary.nib */; };
/* End PBXBuildFile section */

/* Begin PBXContainerItemProxy section */
		53DF6902067E5B930090B5B0 /* PBXContainerItemProxy */ = {
			isa = PBXContainerItemProxy;
			containerPortal = 0259C573FE90428111CA0C5A /* Project object */;
			proxyType = 1;
			remoteGlobalIDString = 8D1AC9600486D14A00FE50C9;
			remoteInfo = PSMTabBarControl;
		};
		53DF6904067E5B930090B5B0 /* PBXContainerItemProxy */ = {
			isa = PBXContainerItemProxy;
			containerPortal = 0259C573FE90428111CA0C5A /* Project object */;
			proxyType = 1;
			remoteGlobalIDString = 53DF68FC067E5B5A0090B5B0;
			remoteInfo = PSMTabBarControlFramework;
		};
		546DEAEF067F62F70098DCC4 /* PBXContainerItemProxy */ = {
			isa = PBXContainerItemProxy;
			containerPortal = 0259C573FE90428111CA0C5A /* Project object */;
			proxyType = 1;
			remoteGlobalIDString = 53DF68FC067E5B5A0090B5B0;
			remoteInfo = PSMTabBarControlFramework;
		};
		8BD439631185149C00DB4AC3 /* PBXContainerItemProxy */ = {
			isa = PBXContainerItemProxy;
			containerPortal = 0259C573FE90428111CA0C5A /* Project object */;
			proxyType = 1;
			remoteGlobalIDString = 53DF68FC067E5B5A0090B5B0;
			remoteInfo = PSMTabBarControlFramework;
		};
/* End PBXContainerItemProxy section */

/* Begin PBXCopyFilesBuildPhase section */
		8B39893F1184FD71004462EE /* CopyFiles */ = {
			isa = PBXCopyFilesBuildPhase;
			buildActionMask = 2147483647;
			dstPath = "";
			dstSubfolderSpec = 10;
			files = (
				8B39893B1184FD6D004462EE /* PSMTabBarControl.framework in CopyFiles */,
			);
			runOnlyForDeploymentPostprocessing = 0;
		};
		8BD4396C118514BA00DB4AC3 /* Copy Frameworks */ = {
			isa = PBXCopyFilesBuildPhase;
			buildActionMask = 2147483647;
			dstPath = "";
			dstSubfolderSpec = 10;
			files = (
				8BD439621185149500DB4AC3 /* PSMTabBarControl.framework in Copy Frameworks */,
			);
			name = "Copy Frameworks";
			runOnlyForDeploymentPostprocessing = 0;
		};
/* End PBXCopyFilesBuildPhase section */

/* Begin PBXFileReference section */
		0259C577FE90428111CA0C5A /* PSMTabBarControlInspector.m */ = {isa = PBXFileReference; fileEncoding = 30; lastKnownFileType = sourcecode.c.objc; path = PSMTabBarControlInspector.m; sourceTree = "<group>"; };
		0259C57BFE90428111CA0C5A /* PSMTabBarControlInspector.h */ = {isa = PBXFileReference; fileEncoding = 30; lastKnownFileType = sourcecode.c.h; path = PSMTabBarControlInspector.h; sourceTree = "<group>"; };
		13F8B88807B434F6008AE28D /* AppKit.framework */ = {isa = PBXFileReference; lastKnownFileType = wrapper.framework; name = AppKit.framework; path = /System/Library/Frameworks/AppKit.framework; sourceTree = "<absolute>"; };
		13F8B88907B434F6008AE28D /* CoreData.framework */ = {isa = PBXFileReference; lastKnownFileType = wrapper.framework; name = CoreData.framework; path = /System/Library/Frameworks/CoreData.framework; sourceTree = "<absolute>"; };
		13F8B88A07B434F6008AE28D /* Foundation.framework */ = {isa = PBXFileReference; lastKnownFileType = wrapper.framework; name = Foundation.framework; path = /System/Library/Frameworks/Foundation.framework; sourceTree = "<absolute>"; };
		32DBCF980370C29C00C91783 /* PSMTabBarControl_Prefix.pch */ = {isa = PBXFileReference; fileEncoding = 4; lastKnownFileType = sourcecode.c.h; path = PSMTabBarControl_Prefix.pch; sourceTree = "<group>"; };
		53DF68FD067E5B5A0090B5B0 /* PSMTabBarControl.framework */ = {isa = PBXFileReference; explicitFileType = wrapper.framework; includeInIndex = 0; path = PSMTabBarControl.framework; sourceTree = BUILT_PRODUCTS_DIR; };
		53DF68FE067E5B5A0090B5B0 /* PSMTabBarControl-Info.plist */ = {isa = PBXFileReference; lastKnownFileType = text.plist.xml; path = "PSMTabBarControl-Info.plist"; sourceTree = "<group>"; };
		54D33B2806778E3300C9C163 /* PSMTabBarControl.classdescription */ = {isa = PBXFileReference; fileEncoding = 4; lastKnownFileType = text.plist.ibClassDescription; path = PSMTabBarControl.classdescription; sourceTree = "<group>"; };
		8B3987C11184F19D004462EE /* 32x32_log.png */ = {isa = PBXFileReference; lastKnownFileType = image.png; path = 32x32_log.png; sourceTree = "<group>"; };
		8B3987C21184F19D004462EE /* 32x32cancel.png */ = {isa = PBXFileReference; lastKnownFileType = image.png; path = 32x32cancel.png; sourceTree = "<group>"; };
		8B3987C31184F19D004462EE /* AdiumGradient.png */ = {isa = PBXFileReference; lastKnownFileType = image.png; path = AdiumGradient.png; sourceTree = "<group>"; };
		8B3987C41184F19D004462EE /* AquaTabClose_Front_Pressed.png */ = {isa = PBXFileReference; lastKnownFileType = image.png; path = AquaTabClose_Front_Pressed.png; sourceTree = "<group>"; };
		8B3987C51184F19D004462EE /* AquaTabClose_Front_Rollover.png */ = {isa = PBXFileReference; lastKnownFileType = image.png; path = AquaTabClose_Front_Rollover.png; sourceTree = "<group>"; };
		8B3987C61184F19D004462EE /* AquaTabClose_Front.png */ = {isa = PBXFileReference; lastKnownFileType = image.png; path = AquaTabClose_Front.png; sourceTree = "<group>"; };
		8B3987C71184F19D004462EE /* AquaTabCloseDirty_Front_Pressed.png */ = {isa = PBXFileReference; lastKnownFileType = image.png; path = AquaTabCloseDirty_Front_Pressed.png; sourceTree = "<group>"; };
		8B3987C81184F19D004462EE /* AquaTabCloseDirty_Front_Rollover.png */ = {isa = PBXFileReference; lastKnownFileType = image.png; path = AquaTabCloseDirty_Front_Rollover.png; sourceTree = "<group>"; };
		8B3987C91184F19D004462EE /* AquaTabCloseDirty_Front.png */ = {isa = PBXFileReference; lastKnownFileType = image.png; path = AquaTabCloseDirty_Front.png; sourceTree = "<group>"; };
		8B3987CA1184F19D004462EE /* AquaTabNew.png */ = {isa = PBXFileReference; lastKnownFileType = image.png; path = AquaTabNew.png; sourceTree = "<group>"; };
		8B3987CB1184F19D004462EE /* AquaTabNewPressed.png */ = {isa = PBXFileReference; lastKnownFileType = image.png; path = AquaTabNewPressed.png; sourceTree = "<group>"; };
		8B3987CC1184F19D004462EE /* AquaTabNewRollover.png */ = {isa = PBXFileReference; lastKnownFileType = image.png; path = AquaTabNewRollover.png; sourceTree = "<group>"; };
		8B3987CD1184F19D004462EE /* AquaTabsBackground.png */ = {isa = PBXFileReference; lastKnownFileType = image.png; path = AquaTabsBackground.png; sourceTree = "<group>"; };
		8B3987CE1184F19D004462EE /* AquaTabsDown.png */ = {isa = PBXFileReference; lastKnownFileType = image.png; path = AquaTabsDown.png; sourceTree = "<group>"; };
		8B3987CF1184F19D004462EE /* AquaTabsDownGraphite.png */ = {isa = PBXFileReference; lastKnownFileType = image.png; path = AquaTabsDownGraphite.png; sourceTree = "<group>"; };
		8B3987D01184F19D004462EE /* AquaTabsDownNonKey.png */ = {isa = PBXFileReference; lastKnownFileType = image.png; path = AquaTabsDownNonKey.png; sourceTree = "<group>"; };
		8B3987D11184F19D004462EE /* AquaTabsSeparator.png */ = {isa = PBXFileReference; lastKnownFileType = image.png; path = AquaTabsSeparator.png; sourceTree = "<group>"; };
		8B3987D21184F19D004462EE /* AquaTabsSeparatorDown.png */ = {isa = PBXFileReference; lastKnownFileType = image.png; path = AquaTabsSeparatorDown.png; sourceTree = "<group>"; };
		8B3987D31184F19D004462EE /* Folder.png */ = {isa = PBXFileReference; lastKnownFileType = image.png; path = Folder.png; sourceTree = "<group>"; };
		8B3987D41184F19D004462EE /* Globe.png */ = {isa = PBXFileReference; lastKnownFileType = image.png; path = Globe.png; sourceTree = "<group>"; };
		8B3987D51184F19D004462EE /* largeImage.png */ = {isa = PBXFileReference; lastKnownFileType = image.png; path = largeImage.png; sourceTree = "<group>"; };
		8B3987D61184F19D004462EE /* mater_large.jpg */ = {isa = PBXFileReference; lastKnownFileType = image.jpeg; path = mater_large.jpg; sourceTree = "<group>"; };
		8B3987D71184F19D004462EE /* mcqueen_large.jpg */ = {isa = PBXFileReference; lastKnownFileType = image.jpeg; path = mcqueen_large.jpg; sourceTree = "<group>"; };
		8B3987D81184F19D004462EE /* overflowImage.png */ = {isa = PBXFileReference; lastKnownFileType = image.png; path = overflowImage.png; sourceTree = "<group>"; };
		8B3987D91184F19D004462EE /* overflowImagePressed.png */ = {isa = PBXFileReference; lastKnownFileType = image.png; path = overflowImagePressed.png; sourceTree = "<group>"; };
		8B3987DA1184F19D004462EE /* pi.png */ = {isa = PBXFileReference; lastKnownFileType = image.png; path = pi.png; sourceTree = "<group>"; };
		8B3987DB1184F19D004462EE /* sally_large.jpg */ = {isa = PBXFileReference; lastKnownFileType = image.jpeg; path = sally_large.jpg; sourceTree = "<group>"; };
		8B3987DC1184F19D004462EE /* TabClose_Dirty_Pressed.png */ = {isa = PBXFileReference; lastKnownFileType = image.png; path = TabClose_Dirty_Pressed.png; sourceTree = "<group>"; };
		8B3987DD1184F19D004462EE /* TabClose_Dirty_Rollover.png */ = {isa = PBXFileReference; lastKnownFileType = image.png; path = TabClose_Dirty_Rollover.png; sourceTree = "<group>"; };
		8B3987DE1184F19D004462EE /* TabClose_Dirty.png */ = {isa = PBXFileReference; lastKnownFileType = image.png; path = TabClose_Dirty.png; sourceTree = "<group>"; };
		8B3987DF1184F19D004462EE /* TabClose_Front_Pressed.png */ = {isa = PBXFileReference; lastKnownFileType = image.png; path = TabClose_Front_Pressed.png; sourceTree = "<group>"; };
		8B3987E01184F19D004462EE /* TabClose_Front_Rollover.png */ = {isa = PBXFileReference; lastKnownFileType = image.png; path = TabClose_Front_Rollover.png; sourceTree = "<group>"; };
		8B3987E11184F19D004462EE /* TabClose_Front.png */ = {isa = PBXFileReference; lastKnownFileType = image.png; path = TabClose_Front.png; sourceTree = "<group>"; };
		8B3987E21184F19D004462EE /* TabControlRep.png */ = {isa = PBXFileReference; lastKnownFileType = image.png; path = TabControlRep.png; sourceTree = "<group>"; };
		8B3987E31184F19D004462EE /* TabIcon.png */ = {isa = PBXFileReference; lastKnownFileType = image.png; path = TabIcon.png; sourceTree = "<group>"; };
		8B3987E41184F19D004462EE /* TabNewMetal.png */ = {isa = PBXFileReference; lastKnownFileType = image.png; path = TabNewMetal.png; sourceTree = "<group>"; };
		8B3987E51184F19D004462EE /* TabNewMetalPressed.png */ = {isa = PBXFileReference; lastKnownFileType = image.png; path = TabNewMetalPressed.png; sourceTree = "<group>"; };
		8B3987E61184F19D004462EE /* TabNewMetalRollover.png */ = {isa = PBXFileReference; lastKnownFileType = image.png; path = TabNewMetalRollover.png; sourceTree = "<group>"; };
		8B3987E71184F19D004462EE /* Warning.png */ = {isa = PBXFileReference; lastKnownFileType = image.png; path = Warning.png; sourceTree = "<group>"; };
		8B39880C1184F40E004462EE /* NSBezierPath_AMShading.h */ = {isa = PBXFileReference; fileEncoding = 4; lastKnownFileType = sourcecode.c.h; path = NSBezierPath_AMShading.h; sourceTree = "<group>"; };
		8B39880D1184F40E004462EE /* NSBezierPath_AMShading.m */ = {isa = PBXFileReference; fileEncoding = 4; lastKnownFileType = sourcecode.c.objc; path = NSBezierPath_AMShading.m; sourceTree = "<group>"; };
		8B39880E1184F40E004462EE /* NSString_AITruncation.h */ = {isa = PBXFileReference; fileEncoding = 4; lastKnownFileType = sourcecode.c.h; path = NSString_AITruncation.h; sourceTree = "<group>"; };
		8B39880F1184F40E004462EE /* NSString_AITruncation.m */ = {isa = PBXFileReference; fileEncoding = 4; lastKnownFileType = sourcecode.c.objc; path = NSString_AITruncation.m; sourceTree = "<group>"; };
		8B3988101184F40E004462EE /* PSMAdiumTabStyle.h */ = {isa = PBXFileReference; fileEncoding = 4; lastKnownFileType = sourcecode.c.h; path = PSMAdiumTabStyle.h; sourceTree = "<group>"; };
		8B3988111184F40E004462EE /* PSMAdiumTabStyle.m */ = {isa = PBXFileReference; fileEncoding = 4; lastKnownFileType = sourcecode.c.objc; path = PSMAdiumTabStyle.m; sourceTree = "<group>"; };
		8B3988121184F40E004462EE /* PSMAquaTabStyle.h */ = {isa = PBXFileReference; fileEncoding = 4; lastKnownFileType = sourcecode.c.h; path = PSMAquaTabStyle.h; sourceTree = "<group>"; };
		8B3988131184F40E004462EE /* PSMAquaTabStyle.m */ = {isa = PBXFileReference; fileEncoding = 4; lastKnownFileType = sourcecode.c.objc; path = PSMAquaTabStyle.m; sourceTree = "<group>"; };
		8B3988141184F40E004462EE /* PSMMetalTabStyle.h */ = {isa = PBXFileReference; fileEncoding = 4; lastKnownFileType = sourcecode.c.h; path = PSMMetalTabStyle.h; sourceTree = "<group>"; };
		8B3988151184F40E004462EE /* PSMMetalTabStyle.m */ = {isa = PBXFileReference; fileEncoding = 4; lastKnownFileType = sourcecode.c.objc; path = PSMMetalTabStyle.m; sourceTree = "<group>"; };
		8B3988161184F40E004462EE /* PSMOverflowPopUpButton.h */ = {isa = PBXFileReference; fileEncoding = 4; lastKnownFileType = sourcecode.c.h; path = PSMOverflowPopUpButton.h; sourceTree = "<group>"; };
		8B3988171184F40E004462EE /* PSMOverflowPopUpButton.m */ = {isa = PBXFileReference; fileEncoding = 4; lastKnownFileType = sourcecode.c.objc; path = PSMOverflowPopUpButton.m; sourceTree = "<group>"; };
		8B3988181184F40E004462EE /* PSMProgressIndicator.h */ = {isa = PBXFileReference; fileEncoding = 4; lastKnownFileType = sourcecode.c.h; path = PSMProgressIndicator.h; sourceTree = "<group>"; };
		8B3988191184F40E004462EE /* PSMProgressIndicator.m */ = {isa = PBXFileReference; fileEncoding = 4; lastKnownFileType = sourcecode.c.objc; path = PSMProgressIndicator.m; sourceTree = "<group>"; };
		8B39881A1184F40E004462EE /* PSMRolloverButton.h */ = {isa = PBXFileReference; fileEncoding = 4; lastKnownFileType = sourcecode.c.h; path = PSMRolloverButton.h; sourceTree = "<group>"; };
		8B39881B1184F40E004462EE /* PSMRolloverButton.m */ = {isa = PBXFileReference; fileEncoding = 4; lastKnownFileType = sourcecode.c.objc; path = PSMRolloverButton.m; sourceTree = "<group>"; };
		8B39881C1184F40E004462EE /* PSMTabBarCell.h */ = {isa = PBXFileReference; fileEncoding = 4; lastKnownFileType = sourcecode.c.h; path = PSMTabBarCell.h; sourceTree = "<group>"; };
		8B39881D1184F40E004462EE /* PSMTabBarCell.m */ = {isa = PBXFileReference; fileEncoding = 4; lastKnownFileType = sourcecode.c.objc; path = PSMTabBarCell.m; sourceTree = "<group>"; };
		8B39881E1184F40E004462EE /* PSMTabBarControl.h */ = {isa = PBXFileReference; fileEncoding = 4; lastKnownFileType = sourcecode.c.h; path = PSMTabBarControl.h; sourceTree = "<group>"; };
		8B39881F1184F40E004462EE /* PSMTabBarControl.m */ = {isa = PBXFileReference; fileEncoding = 4; lastKnownFileType = sourcecode.c.objc; path = PSMTabBarControl.m; sourceTree = "<group>"; };
		8B3988201184F40E004462EE /* PSMTabBarController.h */ = {isa = PBXFileReference; fileEncoding = 4; lastKnownFileType = sourcecode.c.h; path = PSMTabBarController.h; sourceTree = "<group>"; };
		8B3988211184F40E004462EE /* PSMTabBarController.m */ = {isa = PBXFileReference; fileEncoding = 4; lastKnownFileType = sourcecode.c.objc; path = PSMTabBarController.m; sourceTree = "<group>"; };
		8B3988221184F40E004462EE /* PSMTabDragAssistant.h */ = {isa = PBXFileReference; fileEncoding = 4; lastKnownFileType = sourcecode.c.h; path = PSMTabDragAssistant.h; sourceTree = "<group>"; };
		8B3988231184F40E004462EE /* PSMTabDragAssistant.m */ = {isa = PBXFileReference; fileEncoding = 4; lastKnownFileType = sourcecode.c.objc; path = PSMTabDragAssistant.m; sourceTree = "<group>"; };
		8B3988241184F40E004462EE /* PSMTabDragView.h */ = {isa = PBXFileReference; fileEncoding = 4; lastKnownFileType = sourcecode.c.h; path = PSMTabDragView.h; sourceTree = "<group>"; };
		8B3988251184F40E004462EE /* PSMTabDragView.m */ = {isa = PBXFileReference; fileEncoding = 4; lastKnownFileType = sourcecode.c.objc; path = PSMTabDragView.m; sourceTree = "<group>"; };
		8B3988261184F40E004462EE /* PSMTabDragWindow.h */ = {isa = PBXFileReference; fileEncoding = 4; lastKnownFileType = sourcecode.c.h; path = PSMTabDragWindow.h; sourceTree = "<group>"; };
		8B3988271184F40E004462EE /* PSMTabDragWindow.m */ = {isa = PBXFileReference; fileEncoding = 4; lastKnownFileType = sourcecode.c.objc; path = PSMTabDragWindow.m; sourceTree = "<group>"; };
		8B3988281184F40E004462EE /* PSMTabDragWindowController.h */ = {isa = PBXFileReference; fileEncoding = 4; lastKnownFileType = sourcecode.c.h; path = PSMTabDragWindowController.h; sourceTree = "<group>"; };
		8B3988291184F40E004462EE /* PSMTabDragWindowController.m */ = {isa = PBXFileReference; fileEncoding = 4; lastKnownFileType = sourcecode.c.objc; path = PSMTabDragWindowController.m; sourceTree = "<group>"; };
		8B39882A1184F40E004462EE /* PSMTabStyle.h */ = {isa = PBXFileReference; fileEncoding = 4; lastKnownFileType = sourcecode.c.h; path = PSMTabStyle.h; sourceTree = "<group>"; };
		8B39882B1184F40E004462EE /* PSMUnifiedTabStyle.h */ = {isa = PBXFileReference; fileEncoding = 4; lastKnownFileType = sourcecode.c.h; path = PSMUnifiedTabStyle.h; sourceTree = "<group>"; };
		8B39882C1184F40E004462EE /* PSMUnifiedTabStyle.m */ = {isa = PBXFileReference; fileEncoding = 4; lastKnownFileType = sourcecode.c.objc; path = PSMUnifiedTabStyle.m; sourceTree = "<group>"; };
		8B39882D1184F424004462EE /* PSMTabBarControlPlugin.h */ = {isa = PBXFileReference; fileEncoding = 4; lastKnownFileType = sourcecode.c.h; path = PSMTabBarControlPlugin.h; sourceTree = "<group>"; };
		8B39882E1184F424004462EE /* PSMTabBarControlPlugin.m */ = {isa = PBXFileReference; fileEncoding = 4; lastKnownFileType = sourcecode.c.objc; path = PSMTabBarControlPlugin.m; sourceTree = "<group>"; };
		8B3988CB1184F703004462EE /* Info.plist */ = {isa = PBXFileReference; fileEncoding = 4; lastKnownFileType = text.plist.xml; path = Info.plist; sourceTree = "<group>"; };
		8B3988E31184F79A004462EE /* PSMTabBarControlIntegration.m */ = {isa = PBXFileReference; fileEncoding = 4; lastKnownFileType = sourcecode.c.objc; path = PSMTabBarControlIntegration.m; sourceTree = "<group>"; };
		8B7C937711851AA200983F46 /* demo_main.m */ = {isa = PBXFileReference; fileEncoding = 4; lastKnownFileType = sourcecode.c.objc; path = demo_main.m; sourceTree = "<group>"; };
		8BD4395A1185147D00DB4AC3 /* PSMTabBarControlDemo.app */ = {isa = PBXFileReference; explicitFileType = wrapper.application; includeInIndex = 0; path = PSMTabBarControlDemo.app; sourceTree = BUILT_PRODUCTS_DIR; };
		8BD4395C1185147D00DB4AC3 /* PSMTabBarControlDemo-Info.plist */ = {isa = PBXFileReference; lastKnownFileType = text.plist.xml; path = "PSMTabBarControlDemo-Info.plist"; sourceTree = "<group>"; };
		8BD43969118514BA00DB4AC3 /* DemoAppController.h */ = {isa = PBXFileReference; fileEncoding = 4; lastKnownFileType = sourcecode.c.h; path = DemoAppController.h; sourceTree = "<group>"; };
		8BD4396A118514BA00DB4AC3 /* DemoAppController.m */ = {isa = PBXFileReference; fileEncoding = 4; lastKnownFileType = sourcecode.c.objc; path = DemoAppController.m; sourceTree = "<group>"; };
		8BD4396D118514D800DB4AC3 /* PSMTabBarControlDemo.xib */ = {isa = PBXFileReference; lastKnownFileType = file.xib; path = PSMTabBarControlDemo.xib; sourceTree = "<group>"; };
		8BD4397B1185154600DB4AC3 /* DemoWindowController.h */ = {isa = PBXFileReference; fileEncoding = 4; lastKnownFileType = sourcecode.c.h; path = DemoWindowController.h; sourceTree = "<group>"; };
		8BD4397C1185154600DB4AC3 /* DemoWindowController.m */ = {isa = PBXFileReference; fileEncoding = 4; lastKnownFileType = sourcecode.c.objc; path = DemoWindowController.m; sourceTree = "<group>"; };
		8BD4397D1185154600DB4AC3 /* DemoFakeModel.h */ = {isa = PBXFileReference; fileEncoding = 4; lastKnownFileType = sourcecode.c.h; path = DemoFakeModel.h; sourceTree = "<group>"; };
		8BD4397E1185154600DB4AC3 /* DemoFakeModel.m */ = {isa = PBXFileReference; fileEncoding = 4; lastKnownFileType = sourcecode.c.objc; path = DemoFakeModel.m; sourceTree = "<group>"; };
		8BD4399D118516A900DB4AC3 /* DemoWindow.xib */ = {isa = PBXFileReference; lastKnownFileType = file.xib; path = DemoWindow.xib; sourceTree = "<group>"; };
		8D1AC9740486D14A00FE50C9 /* PSMTabBarControl.ibplugin */ = {isa = PBXFileReference; explicitFileType = wrapper.cfbundle; includeInIndex = 0; path = PSMTabBarControl.ibplugin; sourceTree = BUILT_PRODUCTS_DIR; };
		8D1AC97B0486D23100FE50C9 /* English */ = {isa = PBXFileReference; fileEncoding = 10; lastKnownFileType = text.plist.strings; name = English; path = English.lproj/InfoPlist.strings; sourceTree = "<group>"; };
		C05B20D80A48CB530099B9E5 /* PSMTabBarControlInspector.xib */ = {isa = PBXFileReference; fileEncoding = 30; lastKnownFileType = file.xib; name = PSMTabBarControlInspector.xib; path = English.lproj/PSMTabBarControlInspector.xib; sourceTree = "<group>"; };
		C0D069550A49DF9100C95564 /* InterfaceBuilderKit.framework */ = {isa = PBXFileReference; lastKnownFileType = wrapper.framework; name = InterfaceBuilderKit.framework; path = /Developer/Library/Frameworks/InterfaceBuilderKit.framework; sourceTree = "<absolute>"; };
		D1AEDE460A6C289C0010C343 /* PSMTabBarControlLibrary.nib */ = {isa = PBXFileReference; lastKnownFileType = wrapper.nib; name = PSMTabBarControlLibrary.nib; path = English.lproj/PSMTabBarControlLibrary.nib; sourceTree = "<group>"; };
		DD92D38A0106425D02CA0E72 /* Cocoa.framework */ = {isa = PBXFileReference; lastKnownFileType = wrapper.framework; name = Cocoa.framework; path = /System/Library/Frameworks/Cocoa.framework; sourceTree = "<absolute>"; };
/* End PBXFileReference section */

/* Begin PBXFrameworksBuildPhase section */
		53DF68FB067E5B5A0090B5B0 /* Frameworks */ = {
			isa = PBXFrameworksBuildPhase;
			buildActionMask = 2147483647;
			files = (
				13F8B89007B43554008AE28D /* Cocoa.framework in Frameworks */,
			);
			runOnlyForDeploymentPostprocessing = 0;
		};
		8BD439581185147D00DB4AC3 /* Frameworks */ = {
			isa = PBXFrameworksBuildPhase;
			buildActionMask = 2147483647;
			files = (
				8BD43965118514A600DB4AC3 /* Cocoa.framework in Frameworks */,
				8BFD0B351185199800F69178 /* PSMTabBarControl.framework in Frameworks */,
			);
			runOnlyForDeploymentPostprocessing = 0;
		};
		8D1AC96E0486D14A00FE50C9 /* Frameworks */ = {
			isa = PBXFrameworksBuildPhase;
			buildActionMask = 2147483647;
			files = (
				8BD43921118510D200DB4AC3 /* PSMTabBarControl.framework in Frameworks */,
				8D1AC9700486D14A00FE50C9 /* Cocoa.framework in Frameworks */,
				C0D069560A49DF9100C95564 /* InterfaceBuilderKit.framework in Frameworks */,
			);
			runOnlyForDeploymentPostprocessing = 0;
		};
/* End PBXFrameworksBuildPhase section */

/* Begin PBXGroup section */
		0259C574FE90428111CA0C5A /* PSMTabBarControl */ = {
			isa = PBXGroup;
			children = (
				8BD439551185146A00DB4AC3 /* Demo */,
				32DBCF9E0370C38000C91783 /* Plugin */,
				54D33B2C06778E4400C9C163 /* Framework */,
				1ED78706FE9D4A0611CA0C5A /* Products */,
				2E58F364FFB232C311CA0CBA /* Frameworks */,
			);
			name = PSMTabBarControl;
			sourceTree = "<group>";
		};
		0259C582FE90428111CA0C5A /* Resources */ = {
			isa = PBXGroup;
			children = (
				8B3987C11184F19D004462EE /* 32x32_log.png */,
				8B3987C21184F19D004462EE /* 32x32cancel.png */,
				8B3987C31184F19D004462EE /* AdiumGradient.png */,
				8B3987C41184F19D004462EE /* AquaTabClose_Front_Pressed.png */,
				8B3987C51184F19D004462EE /* AquaTabClose_Front_Rollover.png */,
				8B3987C61184F19D004462EE /* AquaTabClose_Front.png */,
				8B3987C71184F19D004462EE /* AquaTabCloseDirty_Front_Pressed.png */,
				8B3987C81184F19D004462EE /* AquaTabCloseDirty_Front_Rollover.png */,
				8B3987C91184F19D004462EE /* AquaTabCloseDirty_Front.png */,
				8B3987CA1184F19D004462EE /* AquaTabNew.png */,
				8B3987CB1184F19D004462EE /* AquaTabNewPressed.png */,
				8B3987CC1184F19D004462EE /* AquaTabNewRollover.png */,
				8B3987CD1184F19D004462EE /* AquaTabsBackground.png */,
				8B3987CE1184F19D004462EE /* AquaTabsDown.png */,
				8B3987CF1184F19D004462EE /* AquaTabsDownGraphite.png */,
				8B3987D01184F19D004462EE /* AquaTabsDownNonKey.png */,
				8B3987D11184F19D004462EE /* AquaTabsSeparator.png */,
				8B3987D21184F19D004462EE /* AquaTabsSeparatorDown.png */,
				8B3987D31184F19D004462EE /* Folder.png */,
				8B3987D41184F19D004462EE /* Globe.png */,
				8B3987D51184F19D004462EE /* largeImage.png */,
				8B3987D61184F19D004462EE /* mater_large.jpg */,
				8B3987D71184F19D004462EE /* mcqueen_large.jpg */,
				8B3987D81184F19D004462EE /* overflowImage.png */,
				8B3987D91184F19D004462EE /* overflowImagePressed.png */,
				8B3987DA1184F19D004462EE /* pi.png */,
				8B3987DB1184F19D004462EE /* sally_large.jpg */,
				8B3987DC1184F19D004462EE /* TabClose_Dirty_Pressed.png */,
				8B3987DD1184F19D004462EE /* TabClose_Dirty_Rollover.png */,
				8B3987DE1184F19D004462EE /* TabClose_Dirty.png */,
				8B3987DF1184F19D004462EE /* TabClose_Front_Pressed.png */,
				8B3987E01184F19D004462EE /* TabClose_Front_Rollover.png */,
				8B3987E11184F19D004462EE /* TabClose_Front.png */,
				8B3987E21184F19D004462EE /* TabControlRep.png */,
				8B3987E31184F19D004462EE /* TabIcon.png */,
				8B3987E41184F19D004462EE /* TabNewMetal.png */,
				8B3987E51184F19D004462EE /* TabNewMetalPressed.png */,
				8B3987E61184F19D004462EE /* TabNewMetalRollover.png */,
				8B3987E71184F19D004462EE /* Warning.png */,
				53DF68FE067E5B5A0090B5B0 /* PSMTabBarControl-Info.plist */,
				8D1AC97F0486D23B00FE50C9 /* InfoPlist.strings */,
			);
			name = Resources;
			sourceTree = "<group>";
		};
		131E8FE8067F80F40006E0CE /* Resources */ = {
			isa = PBXGroup;
			children = (
				8B3988CB1184F703004462EE /* Info.plist */,
				D1AEDE460A6C289C0010C343 /* PSMTabBarControlLibrary.nib */,
				C05B20D80A48CB530099B9E5 /* PSMTabBarControlInspector.xib */,
			);
			name = Resources;
			sourceTree = "<group>";
		};
		13F8B6FD07B43410008AE28D /* Linked Frameworks */ = {
			isa = PBXGroup;
			children = (
				DD92D38A0106425D02CA0E72 /* Cocoa.framework */,
				C0D069550A49DF9100C95564 /* InterfaceBuilderKit.framework */,
			);
			name = "Linked Frameworks";
			sourceTree = "<group>";
		};
		13F8B70407B43425008AE28D /* Other Frameworks */ = {
			isa = PBXGroup;
			children = (
				13F8B88807B434F6008AE28D /* AppKit.framework */,
				13F8B88907B434F6008AE28D /* CoreData.framework */,
				13F8B88A07B434F6008AE28D /* Foundation.framework */,
			);
			name = "Other Frameworks";
			sourceTree = "<group>";
		};
		1ED78706FE9D4A0611CA0C5A /* Products */ = {
			isa = PBXGroup;
			children = (
				8D1AC9740486D14A00FE50C9 /* PSMTabBarControl.ibplugin */,
				53DF68FD067E5B5A0090B5B0 /* PSMTabBarControl.framework */,
				8BD4395A1185147D00DB4AC3 /* PSMTabBarControlDemo.app */,
			);
			name = Products;
			sourceTree = "<group>";
		};
		2E58F364FFB232C311CA0CBA /* Frameworks */ = {
			isa = PBXGroup;
			children = (
				13F8B6FD07B43410008AE28D /* Linked Frameworks */,
				13F8B70407B43425008AE28D /* Other Frameworks */,
			);
			name = Frameworks;
			sourceTree = "<group>";
		};
		32DBCF9E0370C38000C91783 /* Plugin */ = {
			isa = PBXGroup;
			children = (
				54D33B2406778DD400C9C163 /* Class Descriptions */,
				54D33B2506778DF000C9C163 /* Classes */,
				32DBCF9F0370C38200C91783 /* Other Sources */,
				131E8FE8067F80F40006E0CE /* Resources */,
			);
			name = Plugin;
			sourceTree = "<group>";
		};
		32DBCF9F0370C38200C91783 /* Other Sources */ = {
			isa = PBXGroup;
			children = (
				32DBCF980370C29C00C91783 /* PSMTabBarControl_Prefix.pch */,
				8B3988E31184F79A004462EE /* PSMTabBarControlIntegration.m */,
			);
			name = "Other Sources";
			sourceTree = "<group>";
		};
		54D33B2406778DD400C9C163 /* Class Descriptions */ = {
			isa = PBXGroup;
			children = (
				54D33B2806778E3300C9C163 /* PSMTabBarControl.classdescription */,
			);
			name = "Class Descriptions";
			sourceTree = "<group>";
		};
		54D33B2506778DF000C9C163 /* Classes */ = {
			isa = PBXGroup;
			children = (
				8B39882D1184F424004462EE /* PSMTabBarControlPlugin.h */,
				8B39882E1184F424004462EE /* PSMTabBarControlPlugin.m */,
				0259C57BFE90428111CA0C5A /* PSMTabBarControlInspector.h */,
				0259C577FE90428111CA0C5A /* PSMTabBarControlInspector.m */,
			);
			name = Classes;
			sourceTree = "<group>";
		};
		54D33B2C06778E4400C9C163 /* Framework */ = {
			isa = PBXGroup;
			children = (
				C0894DA40C32F4C100401507 /* Classes */,
				0259C582FE90428111CA0C5A /* Resources */,
			);
			name = Framework;
			sourceTree = "<group>";
		};
		8B549E451185BC1C00740C49 /* Categories */ = {
			isa = PBXGroup;
			children = (
				8B39880C1184F40E004462EE /* NSBezierPath_AMShading.h */,
				8B39880D1184F40E004462EE /* NSBezierPath_AMShading.m */,
				8B39880E1184F40E004462EE /* NSString_AITruncation.h */,
				8B39880F1184F40E004462EE /* NSString_AITruncation.m */,
			);
			name = Categories;
			sourceTree = "<group>";
		};
		8B549E461185BC2500740C49 /* Styles */ = {
			isa = PBXGroup;
			children = (
				8B39882A1184F40E004462EE /* PSMTabStyle.h */,
				8B39882B1184F40E004462EE /* PSMUnifiedTabStyle.h */,
				8B39882C1184F40E004462EE /* PSMUnifiedTabStyle.m */,
				8B3988101184F40E004462EE /* PSMAdiumTabStyle.h */,
				8B3988111184F40E004462EE /* PSMAdiumTabStyle.m */,
				8B3988121184F40E004462EE /* PSMAquaTabStyle.h */,
				8B3988131184F40E004462EE /* PSMAquaTabStyle.m */,
				8B3988141184F40E004462EE /* PSMMetalTabStyle.h */,
				8B3988151184F40E004462EE /* PSMMetalTabStyle.m */,
			);
			name = Styles;
			sourceTree = "<group>";
		};
		8BD439551185146A00DB4AC3 /* Demo */ = {
			isa = PBXGroup;
			children = (
				8B7C937711851AA200983F46 /* demo_main.m */,
				8BD4395C1185147D00DB4AC3 /* PSMTabBarControlDemo-Info.plist */,
				8BD4396D118514D800DB4AC3 /* PSMTabBarControlDemo.xib */,
				8BD4399D118516A900DB4AC3 /* DemoWindow.xib */,
				8BD43969118514BA00DB4AC3 /* DemoAppController.h */,
				8BD4396A118514BA00DB4AC3 /* DemoAppController.m */,
				8BD4397B1185154600DB4AC3 /* DemoWindowController.h */,
				8BD4397C1185154600DB4AC3 /* DemoWindowController.m */,
				8BD4397D1185154600DB4AC3 /* DemoFakeModel.h */,
				8BD4397E1185154600DB4AC3 /* DemoFakeModel.m */,
			);
			name = Demo;
			sourceTree = "<group>";
		};
		C0894DA40C32F4C100401507 /* Classes */ = {
			isa = PBXGroup;
			children = (
				8B549E461185BC2500740C49 /* Styles */,
				8B549E451185BC1C00740C49 /* Categories */,
				8B3988161184F40E004462EE /* PSMOverflowPopUpButton.h */,
				8B3988171184F40E004462EE /* PSMOverflowPopUpButton.m */,
				8B3988181184F40E004462EE /* PSMProgressIndicator.h */,
				8B3988191184F40E004462EE /* PSMProgressIndicator.m */,
				8B39881A1184F40E004462EE /* PSMRolloverButton.h */,
				8B39881B1184F40E004462EE /* PSMRolloverButton.m */,
				8B39881C1184F40E004462EE /* PSMTabBarCell.h */,
				8B39881D1184F40E004462EE /* PSMTabBarCell.m */,
				8B39881E1184F40E004462EE /* PSMTabBarControl.h */,
				8B39881F1184F40E004462EE /* PSMTabBarControl.m */,
				8B3988201184F40E004462EE /* PSMTabBarController.h */,
				8B3988211184F40E004462EE /* PSMTabBarController.m */,
				8B3988221184F40E004462EE /* PSMTabDragAssistant.h */,
				8B3988231184F40E004462EE /* PSMTabDragAssistant.m */,
				8B3988241184F40E004462EE /* PSMTabDragView.h */,
				8B3988251184F40E004462EE /* PSMTabDragView.m */,
				8B3988261184F40E004462EE /* PSMTabDragWindow.h */,
				8B3988271184F40E004462EE /* PSMTabDragWindow.m */,
				8B3988281184F40E004462EE /* PSMTabDragWindowController.h */,
				8B3988291184F40E004462EE /* PSMTabDragWindowController.m */,
			);
			name = Classes;
			sourceTree = "<group>";
		};
/* End PBXGroup section */

/* Begin PBXHeadersBuildPhase section */
		53DF68F8067E5B5A0090B5B0 /* Headers */ = {
			isa = PBXHeadersBuildPhase;
			buildActionMask = 2147483647;
			files = (
				8B3988671184F64C004462EE /* NSBezierPath_AMShading.h in Headers */,
				8B3988691184F64D004462EE /* NSString_AITruncation.h in Headers */,
				8B39886B1184F64E004462EE /* PSMAdiumTabStyle.h in Headers */,
				8B39886D1184F650004462EE /* PSMAquaTabStyle.h in Headers */,
				8B39886F1184F651004462EE /* PSMMetalTabStyle.h in Headers */,
				8B3988711184F652004462EE /* PSMOverflowPopUpButton.h in Headers */,
				8B3988731184F653004462EE /* PSMProgressIndicator.h in Headers */,
				8B3988751184F653004462EE /* PSMRolloverButton.h in Headers */,
				8B3988771184F654004462EE /* PSMTabBarCell.h in Headers */,
				8B3988791184F657004462EE /* PSMTabBarControl.h in Headers */,
				8B39887B1184F658004462EE /* PSMTabBarController.h in Headers */,
				8B39887D1184F658004462EE /* PSMTabDragAssistant.h in Headers */,
				8B39887F1184F659004462EE /* PSMTabDragView.h in Headers */,
				8B3988811184F65A004462EE /* PSMTabDragWindow.h in Headers */,
				8B3988831184F65B004462EE /* PSMTabDragWindowController.h in Headers */,
				8B3988851184F65B004462EE /* PSMTabStyle.h in Headers */,
				8B3988861184F65C004462EE /* PSMUnifiedTabStyle.h in Headers */,
			);
			runOnlyForDeploymentPostprocessing = 0;
		};
/* End PBXHeadersBuildPhase section */

/* Begin PBXNativeTarget section */
		53DF68FC067E5B5A0090B5B0 /* PSMTabBarControlFramework */ = {
			isa = PBXNativeTarget;
			buildConfigurationList = C056397F08A954F8003078D8 /* Build configuration list for PBXNativeTarget "PSMTabBarControlFramework" */;
			buildPhases = (
				53DF68F8067E5B5A0090B5B0 /* Headers */,
				53DF68F9067E5B5A0090B5B0 /* Resources */,
				53DF68FA067E5B5A0090B5B0 /* Sources */,
				53DF68FB067E5B5A0090B5B0 /* Frameworks */,
			);
			buildRules = (
			);
			dependencies = (
			);
			name = PSMTabBarControlFramework;
			productName = PSMTabBarControlFramework;
			productReference = 53DF68FD067E5B5A0090B5B0 /* PSMTabBarControl.framework */;
			productType = "com.apple.product-type.framework";
		};
		8BD439591185147D00DB4AC3 /* PSMTabBarControlDemo */ = {
			isa = PBXNativeTarget;
			buildConfigurationList = 8BD4395F1185147E00DB4AC3 /* Build configuration list for PBXNativeTarget "PSMTabBarControlDemo" */;
			buildPhases = (
				8BD439561185147D00DB4AC3 /* Resources */,
				8BD439571185147D00DB4AC3 /* Sources */,
				8BD439581185147D00DB4AC3 /* Frameworks */,
				8BD4396C118514BA00DB4AC3 /* Copy Frameworks */,
			);
			buildRules = (
			);
			dependencies = (
				8BD439641185149C00DB4AC3 /* PBXTargetDependency */,
			);
			name = PSMTabBarControlDemo;
			productName = PSMTabBarControlDemo;
			productReference = 8BD4395A1185147D00DB4AC3 /* PSMTabBarControlDemo.app */;
			productType = "com.apple.product-type.application";
		};
		8D1AC9600486D14A00FE50C9 /* PSMTabBarControl */ = {
			isa = PBXNativeTarget;
			buildConfigurationList = C056398308A954F8003078D8 /* Build configuration list for PBXNativeTarget "PSMTabBarControl" */;
			buildPhases = (
				8D1AC9660486D14A00FE50C9 /* Resources */,
				8D1AC96A0486D14A00FE50C9 /* Sources */,
				8D1AC96E0486D14A00FE50C9 /* Frameworks */,
				8B39893F1184FD71004462EE /* CopyFiles */,
			);
			buildRules = (
			);
			dependencies = (
				546DEAF0067F62F70098DCC4 /* PBXTargetDependency */,
			);
			name = PSMTabBarControl;
			productInstallPath = "$(HOME)/Developer/Palettes";
			productName = PSMTabBarControl;
			productReference = 8D1AC9740486D14A00FE50C9 /* PSMTabBarControl.ibplugin */;
			productType = "com.apple.product-type.bundle";
		};
/* End PBXNativeTarget section */

/* Begin PBXProject section */
		0259C573FE90428111CA0C5A /* Project object */ = {
			isa = PBXProject;
			buildConfigurationList = C056398B08A954F8003078D8 /* Build configuration list for PBXProject "PSMTabBarControl" */;
			compatibilityVersion = "Xcode 3.1";
			hasScannedForEncodings = 1;
			mainGroup = 0259C574FE90428111CA0C5A /* PSMTabBarControl */;
			projectDirPath = "";
			projectRoot = "";
			targets = (
				53DF6901067E5B8E0090B5B0 /* All */,
				8D1AC9600486D14A00FE50C9 /* PSMTabBarControl */,
				53DF68FC067E5B5A0090B5B0 /* PSMTabBarControlFramework */,
				8BD439591185147D00DB4AC3 /* PSMTabBarControlDemo */,
			);
		};
/* End PBXProject section */

/* Begin PBXResourcesBuildPhase section */
		53DF68F9067E5B5A0090B5B0 /* Resources */ = {
			isa = PBXResourcesBuildPhase;
			buildActionMask = 2147483647;
			files = (
				8B3988911184F668004462EE /* 32x32_log.png in Resources */,
				8B3988921184F668004462EE /* 32x32cancel.png in Resources */,
				8B3988931184F668004462EE /* AdiumGradient.png in Resources */,
				8B3988941184F668004462EE /* AquaTabClose_Front_Pressed.png in Resources */,
				8B3988951184F668004462EE /* AquaTabClose_Front_Rollover.png in Resources */,
				8B3988961184F668004462EE /* AquaTabClose_Front.png in Resources */,
				8B3988971184F668004462EE /* AquaTabCloseDirty_Front_Pressed.png in Resources */,
				8B3988981184F668004462EE /* AquaTabCloseDirty_Front_Rollover.png in Resources */,
				8B3988991184F668004462EE /* AquaTabCloseDirty_Front.png in Resources */,
				8B39889A1184F668004462EE /* AquaTabNew.png in Resources */,
				8B39889B1184F668004462EE /* AquaTabNewPressed.png in Resources */,
				8B39889C1184F668004462EE /* AquaTabNewRollover.png in Resources */,
				8B39889D1184F668004462EE /* AquaTabsBackground.png in Resources */,
				8B39889E1184F668004462EE /* AquaTabsDown.png in Resources */,
				8B39889F1184F668004462EE /* AquaTabsDownGraphite.png in Resources */,
				8B3988A01184F668004462EE /* AquaTabsDownNonKey.png in Resources */,
				8B3988A11184F668004462EE /* AquaTabsSeparator.png in Resources */,
				8B3988A21184F668004462EE /* AquaTabsSeparatorDown.png in Resources */,
				8B3988A31184F668004462EE /* Folder.png in Resources */,
				8B3988A41184F668004462EE /* Globe.png in Resources */,
				8B3988A51184F668004462EE /* largeImage.png in Resources */,
				8B3988A61184F668004462EE /* mater_large.jpg in Resources */,
				8B3988A71184F668004462EE /* mcqueen_large.jpg in Resources */,
				8B3988A81184F668004462EE /* overflowImage.png in Resources */,
				8B3988A91184F668004462EE /* overflowImagePressed.png in Resources */,
				8B3988AA1184F668004462EE /* pi.png in Resources */,
				8B3988AB1184F668004462EE /* sally_large.jpg in Resources */,
				8B3988AC1184F668004462EE /* TabClose_Dirty_Pressed.png in Resources */,
				8B3988AD1184F668004462EE /* TabClose_Dirty_Rollover.png in Resources */,
				8B3988AE1184F668004462EE /* TabClose_Dirty.png in Resources */,
				8B3988AF1184F668004462EE /* TabClose_Front_Pressed.png in Resources */,
				8B3988B01184F668004462EE /* TabClose_Front_Rollover.png in Resources */,
				8B3988B11184F668004462EE /* TabClose_Front.png in Resources */,
				8B3988B21184F668004462EE /* TabControlRep.png in Resources */,
				8B3988B31184F668004462EE /* TabIcon.png in Resources */,
				8B3988B41184F668004462EE /* TabNewMetal.png in Resources */,
				8B3988B51184F668004462EE /* TabNewMetalPressed.png in Resources */,
				8B3988B61184F668004462EE /* TabNewMetalRollover.png in Resources */,
				8B3988B71184F668004462EE /* Warning.png in Resources */,
			);
			runOnlyForDeploymentPostprocessing = 0;
		};
		8BD439561185147D00DB4AC3 /* Resources */ = {
			isa = PBXResourcesBuildPhase;
			buildActionMask = 2147483647;
			files = (
				8BD439811185155300DB4AC3 /* PSMTabBarControlDemo.xib in Resources */,
				8BD4399E118516A900DB4AC3 /* DemoWindow.xib in Resources */,
			);
			runOnlyForDeploymentPostprocessing = 0;
		};
		8D1AC9660486D14A00FE50C9 /* Resources */ = {
			isa = PBXResourcesBuildPhase;
			buildActionMask = 2147483647;
			files = (
				8B1B7AB71185088100F5DDEC /* TabControlRep.png in Resources */,
				8D1AC9800486D23B00FE50C9 /* InfoPlist.strings in Resources */,
				C0A47C500A523B730004BDC3 /* PSMTabBarControlInspector.xib in Resources */,
				D1AEDE470A6C289C0010C343 /* PSMTabBarControlLibrary.nib in Resources */,
				8B6EE3C81184FEEA00BA282D /* PSMTabBarControl.classdescription in Resources */,
			);
			runOnlyForDeploymentPostprocessing = 0;
		};
/* End PBXResourcesBuildPhase section */

/* Begin PBXSourcesBuildPhase section */
		53DF68FA067E5B5A0090B5B0 /* Sources */ = {
			isa = PBXSourcesBuildPhase;
			buildActionMask = 2147483647;
			files = (
				8B3988681184F64D004462EE /* NSBezierPath_AMShading.m in Sources */,
				8B39886A1184F64D004462EE /* NSString_AITruncation.m in Sources */,
				8B39886C1184F64E004462EE /* PSMAdiumTabStyle.m in Sources */,
				8B39886E1184F651004462EE /* PSMAquaTabStyle.m in Sources */,
				8B3988701184F651004462EE /* PSMMetalTabStyle.m in Sources */,
				8B3988721184F652004462EE /* PSMOverflowPopUpButton.m in Sources */,
				8B3988741184F653004462EE /* PSMProgressIndicator.m in Sources */,
				8B3988761184F654004462EE /* PSMRolloverButton.m in Sources */,
				8B3988781184F655004462EE /* PSMTabBarCell.m in Sources */,
				8B39887A1184F657004462EE /* PSMTabBarControl.m in Sources */,
				8B39887C1184F658004462EE /* PSMTabBarController.m in Sources */,
				8B39887E1184F659004462EE /* PSMTabDragAssistant.m in Sources */,
				8B3988801184F659004462EE /* PSMTabDragView.m in Sources */,
				8B3988821184F65A004462EE /* PSMTabDragWindow.m in Sources */,
				8B3988841184F65B004462EE /* PSMTabDragWindowController.m in Sources */,
				8B3988871184F65C004462EE /* PSMUnifiedTabStyle.m in Sources */,
			);
			runOnlyForDeploymentPostprocessing = 0;
		};
		8BD439571185147D00DB4AC3 /* Sources */ = {
			isa = PBXSourcesBuildPhase;
			buildActionMask = 2147483647;
			files = (
				8BD4397F1185154600DB4AC3 /* DemoWindowController.m in Sources */,
				8BD439801185154600DB4AC3 /* DemoFakeModel.m in Sources */,
				8BD439821185155700DB4AC3 /* DemoAppController.m in Sources */,
				8B7C937811851AA200983F46 /* demo_main.m in Sources */,
			);
			runOnlyForDeploymentPostprocessing = 0;
		};
		8D1AC96A0486D14A00FE50C9 /* Sources */ = {
			isa = PBXSourcesBuildPhase;
			buildActionMask = 2147483647;
			files = (
				8D1AC96C0486D14A00FE50C9 /* PSMTabBarControlInspector.m in Sources */,
				8B3989221184FC6B004462EE /* PSMTabBarControlPlugin.m in Sources */,
				8B3989231184FC6E004462EE /* PSMTabBarControlIntegration.m in Sources */,
			);
			runOnlyForDeploymentPostprocessing = 0;
		};
/* End PBXSourcesBuildPhase section */

/* Begin PBXTargetDependency section */
		53DF6903067E5B930090B5B0 /* PBXTargetDependency */ = {
			isa = PBXTargetDependency;
			target = 8D1AC9600486D14A00FE50C9 /* PSMTabBarControl */;
			targetProxy = 53DF6902067E5B930090B5B0 /* PBXContainerItemProxy */;
		};
		53DF6905067E5B930090B5B0 /* PBXTargetDependency */ = {
			isa = PBXTargetDependency;
			target = 53DF68FC067E5B5A0090B5B0 /* PSMTabBarControlFramework */;
			targetProxy = 53DF6904067E5B930090B5B0 /* PBXContainerItemProxy */;
		};
		546DEAF0067F62F70098DCC4 /* PBXTargetDependency */ = {
			isa = PBXTargetDependency;
			target = 53DF68FC067E5B5A0090B5B0 /* PSMTabBarControlFramework */;
			targetProxy = 546DEAEF067F62F70098DCC4 /* PBXContainerItemProxy */;
		};
		8BD439641185149C00DB4AC3 /* PBXTargetDependency */ = {
			isa = PBXTargetDependency;
			target = 53DF68FC067E5B5A0090B5B0 /* PSMTabBarControlFramework */;
			targetProxy = 8BD439631185149C00DB4AC3 /* PBXContainerItemProxy */;
		};
/* End PBXTargetDependency section */

/* Begin PBXVariantGroup section */
		8D1AC97F0486D23B00FE50C9 /* InfoPlist.strings */ = {
			isa = PBXVariantGroup;
			children = (
				8D1AC97B0486D23100FE50C9 /* English */,
			);
			name = InfoPlist.strings;
			sourceTree = "<group>";
		};
/* End PBXVariantGroup section */

/* Begin XCBuildConfiguration section */
		8BD4395D1185147E00DB4AC3 /* Debug */ = {
			isa = XCBuildConfiguration;
			buildSettings = {
				ALWAYS_SEARCH_USER_PATHS = NO;
				COPY_PHASE_STRIP = NO;
				GCC_DYNAMIC_NO_PIC = NO;
				GCC_ENABLE_FIX_AND_CONTINUE = YES;
				GCC_MODEL_TUNING = G5;
				GCC_OPTIMIZATION_LEVEL = 0;
				GCC_PRECOMPILE_PREFIX_HEADER = YES;
				GCC_PREFIX_HEADER = "$(SYSTEM_LIBRARY_DIR)/Frameworks/AppKit.framework/Headers/AppKit.h";
				INFOPLIST_FILE = "PSMTabBarControlDemo-Info.plist";
				INSTALL_PATH = "$(HOME)/Applications";
				OTHER_LDFLAGS = (
					"-framework",
					Foundation,
					"-framework",
					AppKit,
				);
				PREBINDING = NO;
				PRODUCT_NAME = PSMTabBarControlDemo;
			};
			name = Debug;
		};
		8BD4395E1185147E00DB4AC3 /* Release */ = {
			isa = XCBuildConfiguration;
			buildSettings = {
				ALWAYS_SEARCH_USER_PATHS = NO;
				ARCHS = (
					i386,
					x86_64,
				);
				COPY_PHASE_STRIP = YES;
				DEBUG_INFORMATION_FORMAT = "dwarf-with-dsym";
				GCC_ENABLE_FIX_AND_CONTINUE = NO;
				GCC_MODEL_TUNING = G5;
				GCC_PRECOMPILE_PREFIX_HEADER = YES;
				GCC_PREFIX_HEADER = "$(SYSTEM_LIBRARY_DIR)/Frameworks/AppKit.framework/Headers/AppKit.h";
				INFOPLIST_FILE = "PSMTabBarControlDemo-Info.plist";
				INSTALL_PATH = "$(HOME)/Applications";
				OTHER_LDFLAGS = (
					"-framework",
					Foundation,
					"-framework",
					AppKit,
				);
				PREBINDING = NO;
				PRODUCT_NAME = PSMTabBarControlDemo;
				VALID_ARCHS = "i386 x86_64";
				ZERO_LINK = NO;
			};
			name = Release;
		};
		C056398008A954F8003078D8 /* Debug */ = {
			isa = XCBuildConfiguration;
			buildSettings = {
				COPY_PHASE_STRIP = NO;
				DYLIB_COMPATIBILITY_VERSION = 1;
				DYLIB_CURRENT_VERSION = 1;
				FRAMEWORK_VERSION = A;
				GCC_DYNAMIC_NO_PIC = NO;
				GCC_ENABLE_FIX_AND_CONTINUE = YES;
				GCC_ENABLE_OBJC_GC = supported;
				GCC_MODEL_TUNING = G5;
				GCC_OPTIMIZATION_LEVEL = 0;
				GCC_PRECOMPILE_PREFIX_HEADER = YES;
				GCC_PREFIX_HEADER = "$(SYSTEM_LIBRARY_DIR)/Frameworks/AppKit.framework/Headers/AppKit.h";
				INFOPLIST_FILE = "PSMTabBarControl-Info.plist";
				PRODUCT_NAME = PSMTabBarControl;
				SKIP_INSTALL = NO;
			};
			name = Debug;
		};
		C056398108A954F8003078D8 /* Release */ = {
			isa = XCBuildConfiguration;
			buildSettings = {
				ARCHS = (
					i386,
					x86_64,
				);
				DEBUG_INFORMATION_FORMAT = "dwarf-with-dsym";
				DYLIB_COMPATIBILITY_VERSION = 1;
				DYLIB_CURRENT_VERSION = 1;
				FRAMEWORK_SEARCH_PATHS = (
					"$(inherited)",
					/Developer/Library/Frameworks/,
				);
				FRAMEWORK_VERSION = A;
				GCC_ENABLE_OBJC_GC = supported;
				GCC_MODEL_TUNING = G5;
				GCC_PRECOMPILE_PREFIX_HEADER = YES;
				GCC_PREFIX_HEADER = "$(SYSTEM_LIBRARY_DIR)/Frameworks/AppKit.framework/Headers/AppKit.h";
				INFOPLIST_FILE = "PSMTabBarControl-Info.plist";
				INSTALL_MODE_FLAG = "go-w,a+rX";
				INSTALL_PATH = "@loader_path/../Frameworks";
				PRODUCT_NAME = PSMTabBarControl;
				SKIP_INSTALL = NO;
				VALID_ARCHS = "i386 x86_64";
			};
			name = Release;
		};
		C056398408A954F8003078D8 /* Debug */ = {
			isa = XCBuildConfiguration;
			buildSettings = {
				ARCHS = (
					i386,
					x86_64,
				);
				COPY_PHASE_STRIP = NO;
				DEBUG_INFORMATION_FORMAT = dwarf;
				FRAMEWORK_SEARCH_PATHS = (
					$inherited,
					"$(FRAMEWORK_SEARCH_PATHS_QUOTED_FOR_TARGET_1)",
				);
				FRAMEWORK_SEARCH_PATHS_QUOTED_FOR_TARGET_1 = "\"$(DEVELOPER_DIR)/Library/Frameworks\"";
				FRAMEWORK_VERSION = A;
				GCC_DYNAMIC_NO_PIC = NO;
				GCC_ENABLE_FIX_AND_CONTINUE = YES;
				GCC_MODEL_TUNING = G5;
				GCC_OPTIMIZATION_LEVEL = 0;
				GCC_PRECOMPILE_PREFIX_HEADER = YES;
				GCC_PREFIX_HEADER = PSMTabBarControl_Prefix.pch;
				INFOPLIST_FILE = Info.plist;
				INSTALL_PATH = "";
				ONLY_ACTIVE_ARCH = NO;
				PRODUCT_NAME = PSMTabBarControl;
				VALID_ARCHS = "i386 x86_64";
				WRAPPER_EXTENSION = ibplugin;
			};
			name = Debug;
		};
		C056398508A954F8003078D8 /* Release */ = {
			isa = XCBuildConfiguration;
			buildSettings = {
				ARCHS = (
					i386,
					x86_64,
				);
				COPY_PHASE_STRIP = NO;
				DEBUG_INFORMATION_FORMAT = dwarf;
				FRAMEWORK_SEARCH_PATHS = (
					$inherited,
					/Developer/Library/Frameworks/,
				);
				FRAMEWORK_VERSION = A;
				GCC_ENABLE_OBJC_GC = supported;
				GCC_MODEL_TUNING = G5;
				GCC_PRECOMPILE_PREFIX_HEADER = YES;
				GCC_PREFIX_HEADER = PSMTabBarControl_Prefix.pch;
				INFOPLIST_FILE = Info.plist;
				INSTALL_PATH = "";
				ONLY_ACTIVE_ARCH = NO;
				PRODUCT_NAME = PSMTabBarControl;
				VALID_ARCHS = "i386 x86_64";
				WRAPPER_EXTENSION = ibplugin;
			};
			name = Release;
		};
		C056398808A954F8003078D8 /* Debug */ = {
			isa = XCBuildConfiguration;
			buildSettings = {
				COPY_PHASE_STRIP = NO;
				GCC_DYNAMIC_NO_PIC = NO;
				GCC_ENABLE_FIX_AND_CONTINUE = YES;
				GCC_MODEL_TUNING = G5;
				GCC_OPTIMIZATION_LEVEL = 0;
				PRODUCT_NAME = All;
				WARNING_CFLAGS = (
					"-Wmost",
					"-Wno-four-char-constants",
					"-Wno-unknown-pragmas",
				);
			};
			name = Debug;
		};
		C056398908A954F8003078D8 /* Release */ = {
			isa = XCBuildConfiguration;
			buildSettings = {
				DEBUG_INFORMATION_FORMAT = "dwarf-with-dsym";
				GCC_MODEL_TUNING = G5;
				PRODUCT_NAME = All;
				WARNING_CFLAGS = (
					"-Wmost",
					"-Wno-four-char-constants",
					"-Wno-unknown-pragmas",
				);
			};
			name = Release;
		};
		C056398C08A954F8003078D8 /* Debug */ = {
			isa = XCBuildConfiguration;
			buildSettings = {
				ARCHS = "$(ARCHS_STANDARD_32_64_BIT)";
				GCC_C_LANGUAGE_STANDARD = gnu99;
				GCC_MODEL_TUNING = "";
				GCC_WARN_ABOUT_RETURN_TYPE = YES;
				GCC_WARN_UNUSED_VARIABLE = YES;
				ONLY_ACTIVE_ARCH = YES;
				PREBINDING = NO;
				SDKROOT = macosx10.6;
			};
			name = Debug;
		};
		C056398D08A954F8003078D8 /* Release */ = {
			isa = XCBuildConfiguration;
			buildSettings = {
				ARCHS = "$(ARCHS_STANDARD_32_64_BIT)";
				GCC_C_LANGUAGE_STANDARD = gnu99;
				GCC_MODEL_TUNING = "";
				GCC_WARN_ABOUT_RETURN_TYPE = YES;
				GCC_WARN_UNUSED_VARIABLE = YES;
				PREBINDING = NO;
				SDKROOT = macosx10.6;
			};
			name = Release;
		};
/* End XCBuildConfiguration section */

/* Begin XCConfigurationList section */
		8BD4395F1185147E00DB4AC3 /* Build configuration list for PBXNativeTarget "PSMTabBarControlDemo" */ = {
			isa = XCConfigurationList;
			buildConfigurations = (
				8BD4395D1185147E00DB4AC3 /* Debug */,
				8BD4395E1185147E00DB4AC3 /* Release */,
			);
			defaultConfigurationIsVisible = 0;
			defaultConfigurationName = Release;
		};
		C056397F08A954F8003078D8 /* Build configuration list for PBXNativeTarget "PSMTabBarControlFramework" */ = {
			isa = XCConfigurationList;
			buildConfigurations = (
				C056398008A954F8003078D8 /* Debug */,
				C056398108A954F8003078D8 /* Release */,
			);
			defaultConfigurationIsVisible = 0;
			defaultConfigurationName = Release;
		};
		C056398308A954F8003078D8 /* Build configuration list for PBXNativeTarget "PSMTabBarControl" */ = {
			isa = XCConfigurationList;
			buildConfigurations = (
				C056398408A954F8003078D8 /* Debug */,
				C056398508A954F8003078D8 /* Release */,
			);
			defaultConfigurationIsVisible = 0;
			defaultConfigurationName = Release;
		};
		C056398708A954F8003078D8 /* Build configuration list for PBXAggregateTarget "All" */ = {
			isa = XCConfigurationList;
			buildConfigurations = (
				C056398808A954F8003078D8 /* Debug */,
				C056398908A954F8003078D8 /* Release */,
			);
			defaultConfigurationIsVisible = 0;
			defaultConfigurationName = Release;
		};
		C056398B08A954F8003078D8 /* Build configuration list for PBXProject "PSMTabBarControl" */ = {
			isa = XCConfigurationList;
			buildConfigurations = (
				C056398C08A954F8003078D8 /* Debug */,
				C056398D08A954F8003078D8 /* Release */,
			);
			defaultConfigurationIsVisible = 0;
			defaultConfigurationName = Release;
		};
/* End XCConfigurationList section */
	};
	rootObject = 0259C573FE90428111CA0C5A /* Project object */;
}
